{
  "version": 4,
  "terraform_version": "1.0.0",
  "serial": 17,
  "lineage": "14eb3a73-61e6-b441-5126-1a292fb0742a",
  "outputs": {
    "endpoint": {
      "value": "35.231.22.27",
      "type": "string"
    },
    "master_version": {
      "value": "1.20.9-gke.1001",
      "type": "string"
    }
  },
  "resources": [
    {
      "mode": "managed",
      "type": "google_container_cluster",
      "name": "test",
      "provider": "provider[\"registry.terraform.io/hashicorp/google\"]",
      "instances": [
        {
          "schema_version": 1,
          "attributes": {
            "addons_config": [
              {
                "cloudrun_config": [],
                "horizontal_pod_autoscaling": [],
                "http_load_balancing": [],
                "network_policy_config": [
                  {
                    "disabled": true
                  }
                ]
              }
            ],
            "authenticator_groups_config": [],
            "cluster_autoscaling": [
              {
                "auto_provisioning_defaults": [],
                "enabled": false,
                "resource_limits": []
              }
            ],
            "cluster_ipv4_cidr": "10.68.0.0/14",
            "database_encryption": [
              {
                "key_name": "",
                "state": "DECRYPTED"
              }
            ],
            "datapath_provider": "",
            "default_max_pods_per_node": null,
            "default_snat_status": [
              {
                "disabled": false
              }
            ],
            "description": "Demo GKE Cluster",
            "enable_autopilot": false,
            "enable_binary_authorization": false,
            "enable_intranode_visibility": false,
            "enable_kubernetes_alpha": false,
            "enable_legacy_abac": false,
            "enable_shielded_nodes": false,
            "enable_tpu": false,
            "endpoint": "35.231.22.27",
            "id": "projects/devops-non-prod/locations/us-east1/clusters/demo-cluster",
            "initial_node_count": 1,
            "instance_group_urls": [
              "https://www.googleapis.com/compute/v1/projects/devops-non-prod/zones/us-east1-c/instanceGroups/gke-demo-cluster-demo-cluster-node-po-77138a26-grp"
            ],
            "ip_allocation_policy": [],
            "label_fingerprint": "a9dc16a7",
            "location": "us-east1",
            "logging_service": "logging.googleapis.com/kubernetes",
            "maintenance_policy": [],
            "master_auth": [
              {
                "client_certificate": "",
                "client_certificate_config": [
                  {
                    "issue_client_certificate": false
                  }
                ],
                "client_key": "",
                "cluster_ca_certificate": "LS0tLS1CRUdJTiBDRVJUSUZJQ0FURS0tLS0tCk1JSUVMRENDQXBTZ0F3SUJBZ0lRRUZBOGd6UGZ4bXQ1b0Zzc2tMYnh0ekFOQmdrcWhraUc5dzBCQVFzRkFEQXYKTVMwd0t3WURWUVFERXlSbE4yWXlaakF6TUMwME1HWTFMVFEzWmpRdE9HWXhPUzA1T1RBeU5UWTJZV1EwWXpVdwpJQmNOTWpFd09USXlNRFUwTnpFM1doZ1BNakExTVRBNU1UVXdOalEzTVRkYU1DOHhMVEFyQmdOVkJBTVRKR1UzClpqSm1NRE13TFRRd1pqVXRORGRtTkMwNFpqRTVMVGs1TURJMU5qWmhaRFJqTlRDQ0FhSXdEUVlKS29aSWh2Y04KQVFFQkJRQURnZ0dQQURDQ0FZb0NnZ0dCQUpTUDJCaWFwZWVnSWxzb2dzWmdUZDJvOFNqelFjSVV6T0hDeDhDSApVOFoycEtBeU4rbkhNZWZneWIxaWs4WUpwWTRocTVqd1BqS0c4YnRneWZ6bEk2dTFWKzgzclUvTGpnN2czNnJ3CkZiQ010TkVvU1Y4NkIxZXk4SlZSY2RicldDRnpaaUZnbzRkS1M1MXl4ODNaNzAxWHN5a0hKUkwzdVNacXZxNU0KTnZlWHdWVG1TWDZDZ1RWZFRFNlI2KzgwbW01NXU1a0M2alZ6R0NXOVh2ZXVVQWFJdjRWSVoxNUZ4bExya1NNYQoxN0ViS2VDTk9nZXd1TTdVbG1GNnNLMTkwMWNsMEFBZW5LQy9Oelh4UmhCMDM1Qm5PQXFLb0NrdWdmTUIwRFRYCjVUVldrR2ROV0hPMWtUZmc5bjZmTnlXUTQ5bEIyQVR3Q2dJR01jaGdPdXU1ZkZiUmJNTXhwYWtjUmVNcmZZUDUKTXlQU1ZnOCtSZlovbk1TWGxBbXhqNldIYUV4bHNFa2RBZ096TVkzUkR2V24xZmN3K3JUZ3FSWjBRU25rU3NrSwo1ajlnb2FFaW5hQ0t5aFFqb1BWZStLK1ZRUzY1OGxFV0tnS0tHZDNudXEwQkFmUmVZUXc1aWJkQ3pSK0tuM3JQCnpoMXIrU2E1ZHVFaFZFdjBXUXZWM1hYbE53SURBUUFCbzBJd1FEQU9CZ05WSFE4QkFmOEVCQU1DQWdRd0R3WUQKVlIwVEFRSC9CQVV3QXdFQi96QWRCZ05WSFE0RUZnUVVSRS9mR0Q5b1dHRnBoS3VEa2tFY1VPK0phckF3RFFZSgpLb1pJaHZjTkFRRUxCUUFEZ2dHQkFCeDgrTm92Q25zck5NZGpxcEdjTURtUDJtbTRsYXNMN09NZTJ3Y2owSHM1Cit4eWxPK2ZXQmRhaW9BTUFXbTBFY015d2x2ODZsa0pqQ1JoN2hCY3dXeHFoaTZyY3lRY1hVMGtYcUFBZndWV0YKcVR0aTlzSStiQldsbk5XL3JiKzFIcGhQb3djL1FDZVZTYnBBTnNvbEFtV01MOWZmNTlSbjhOWkIrcFhaM0RGeApNQzArYlZMSzZZMFJwdE8wMXMvZ0pJRU5lbFE0Z29UR0JGaVcwQzZudnUvRDZLLzVJNDN6RE5GNUMvKzlmSlBPCkE0a3dCamdCWUhLSTBMRzJtVDdtVzY2RkJmR2pFd1RpSzltY3lCQ3ljMHQ1VU5ZT0dteW5tK1NXU0tObDlhZGoKVXViUnpzclB2YVNiS0ptR1RkS1V1eXdXY2Y1Mm5zQXlyK2FpU2N1MCt6bG10b3ZJVnFmN2hub09uQ0MwWjZodwplbm9ETE04ZDl0OXJUQ21vSXNoTjI5ZHZRcUdnaTJHWEEyRkJWSlgwTlR6M2tMT29SR1VmOGhIb1VJSjYyMXcvCi9LRWJqb1FTOGVORyt2eStCTmRWdkZkL205YWFHa3NjdmlQVVF2Qm8zV0xWNEsxRWx6eVBnSy9mdSt3OGsrWksKRXhPMThuVkhzSnptSDdMNUZuUGdKQT09Ci0tLS0tRU5EIENFUlRJRklDQVRFLS0tLS0K",
                "password": "",
                "username": ""
              }
            ],
            "master_authorized_networks_config": [],
            "master_version": "1.20.9-gke.1001",
            "min_master_version": null,
            "monitoring_service": "monitoring.googleapis.com/kubernetes",
            "name": "demo-cluster",
            "network": "projects/devops-non-prod/global/networks/default",
            "network_policy": [
              {
                "enabled": false,
                "provider": "PROVIDER_UNSPECIFIED"
              }
            ],
            "networking_mode": "ROUTES",
            "node_config": [
              {
                "disk_size_gb": 100,
                "disk_type": "pd-standard",
                "guest_accelerator": [],
                "image_type": "COS_CONTAINERD",
                "labels": {},
                "local_ssd_count": 0,
                "machine_type": "n1-standard-1",
                "metadata": {
                  "disable-legacy-endpoints": "true"
                },
                "min_cpu_platform": "",
                "oauth_scopes": [
                  "https://www.googleapis.com/auth/logging.write",
                  "https://www.googleapis.com/auth/monitoring"
                ],
                "preemptible": true,
                "service_account": "default",
                "shielded_instance_config": [
                  {
                    "enable_integrity_monitoring": true,
                    "enable_secure_boot": false
                  }
                ],
                "tags": [],
                "taint": [],
                "workload_metadata_config": []
              }
            ],
            "node_locations": [
              "us-east1-b",
              "us-east1-c",
              "us-east1-d"
            ],
            "node_pool": [
              {
                "autoscaling": [],
                "initial_node_count": 1,
                "instance_group_urls": [
                  "https://www.googleapis.com/compute/v1/projects/devops-non-prod/zones/us-east1-c/instanceGroupManagers/gke-demo-cluster-demo-cluster-node-po-77138a26-grp"
                ],
                "management": [
                  {
                    "auto_repair": true,
                    "auto_upgrade": true
                  }
                ],
                "max_pods_per_node": 0,
                "name": "demo-cluster-node-pool",
                "name_prefix": "",
                "node_config": [
                  {
                    "disk_size_gb": 100,
                    "disk_type": "pd-standard",
                    "guest_accelerator": [],
                    "image_type": "COS_CONTAINERD",
                    "labels": {},
                    "local_ssd_count": 0,
                    "machine_type": "n1-standard-1",
                    "metadata": {
                      "disable-legacy-endpoints": "true"
                    },
                    "min_cpu_platform": "",
                    "oauth_scopes": [
                      "https://www.googleapis.com/auth/logging.write",
                      "https://www.googleapis.com/auth/monitoring"
                    ],
                    "preemptible": true,
                    "service_account": "default",
                    "shielded_instance_config": [
                      {
                        "enable_integrity_monitoring": true,
                        "enable_secure_boot": false
                      }
                    ],
                    "tags": [],
                    "taint": [],
                    "workload_metadata_config": []
                  }
                ],
                "node_count": 0,
                "node_locations": [
                  "us-east1-b",
                  "us-east1-c",
                  "us-east1-d"
                ],
                "upgrade_settings": [
                  {
                    "max_surge": 1,
                    "max_unavailable": 0
                  }
                ],
                "version": "1.20.9-gke.1001"
              }
            ],
            "node_version": "1.20.9-gke.1001",
            "operation": null,
            "pod_security_policy_config": [],
            "private_cluster_config": [],
            "private_ipv6_google_access": "",
            "project": "devops-non-prod",
            "release_channel": [
              {
                "channel": "REGULAR"
              }
            ],
            "remove_default_node_pool": true,
            "resource_labels": {},
            "resource_usage_export_config": [],
            "self_link": "https://container.googleapis.com/v1beta1/projects/devops-non-prod/locations/us-east1/clusters/demo-cluster",
            "services_ipv4_cidr": "10.71.240.0/20",
            "subnetwork": "projects/devops-non-prod/regions/us-east1/subnetworks/default",
            "timeouts": null,
            "tpu_ipv4_cidr_block": "",
            "vertical_pod_autoscaling": [],
            "workload_identity_config": []
          },
          "sensitive_attributes": [],
          "private": "eyJlMmJmYjczMC1lY2FhLTExZTYtOGY4OC0zNDM2M2JjN2M0YzAiOnsiY3JlYXRlIjoyNDAwMDAwMDAwMDAwLCJkZWxldGUiOjI0MDAwMDAwMDAwMDAsInJlYWQiOjI0MDAwMDAwMDAwMDAsInVwZGF0ZSI6MzYwMDAwMDAwMDAwMH0sInNjaGVtYV92ZXJzaW9uIjoiMSJ9"
        }
      ]
    },
    {
      "mode": "managed",
      "type": "google_container_node_pool",
      "name": "default",
      "provider": "provider[\"registry.terraform.io/hashicorp/google\"]",
      "instances": [
        {
          "schema_version": 1,
          "attributes": {
            "autoscaling": [],
            "cluster": "demo-cluster",
            "id": "projects/devops-non-prod/locations/us-east1/clusters/demo-cluster/nodePools/demo-cluster-node-pool",
            "initial_node_count": 1,
            "instance_group_urls": [],
            "location": "us-east1",
            "management": [
              {
                "auto_repair": true,
                "auto_upgrade": true
              }
            ],
            "max_pods_per_node": null,
            "name": "demo-cluster-node-pool",
            "name_prefix": "",
            "node_config": [
              {
                "disk_size_gb": 100,
                "disk_type": "pd-standard",
                "guest_accelerator": [],
                "image_type": "COS_CONTAINERD",
                "labels": {},
                "local_ssd_count": 0,
                "machine_type": "n1-standard-1",
                "metadata": {
                  "disable-legacy-endpoints": "true"
                },
                "min_cpu_platform": "",
                "oauth_scopes": [
                  "https://www.googleapis.com/auth/logging.write",
                  "https://www.googleapis.com/auth/monitoring"
                ],
                "preemptible": true,
                "service_account": "default",
                "shielded_instance_config": [
                  {
                    "enable_integrity_monitoring": true,
                    "enable_secure_boot": false
                  }
                ],
                "tags": [],
                "taint": [],
                "workload_metadata_config": []
              }
            ],
            "node_count": 1,
            "node_locations": [
              "us-east1-b",
              "us-east1-c",
              "us-east1-d"
            ],
            "operation": null,
            "project": "devops-non-prod",
            "timeouts": null,
            "upgrade_settings": [
              {
                "max_surge": 1,
                "max_unavailable": 0
              }
            ],
            "version": "1.20.9-gke.1001"
          },
          "sensitive_attributes": [],
          "private": "eyJlMmJmYjczMC1lY2FhLTExZTYtOGY4OC0zNDM2M2JjN2M0YzAiOnsiY3JlYXRlIjoxODAwMDAwMDAwMDAwLCJkZWxldGUiOjE4MDAwMDAwMDAwMDAsInVwZGF0ZSI6MTgwMDAwMDAwMDAwMH0sInNjaGVtYV92ZXJzaW9uIjoiMSJ9",
          "dependencies": [
            "google_container_cluster.test"
          ]
        }
      ]
    }
  ]
}
