{
  "version": 4,
  "terraform_version": "1.0.0",
  "serial": 20,
  "lineage": "14eb3a73-61e6-b441-5126-1a292fb0742a",
  "outputs": {
    "endpoint": {
      "value": "34.73.86.88",
      "type": "string"
    },
    "master_version": {
      "value": "1.20.9-gke.1001",
      "type": "string"
    }
  },
  "resources": [
    {
      "mode": "managed",
      "type": "google_container_cluster",
      "name": "test",
      "provider": "provider[\"registry.terraform.io/hashicorp/google\"]",
      "instances": [
        {
          "schema_version": 1,
          "attributes": {
            "addons_config": [
              {
                "cloudrun_config": [],
                "horizontal_pod_autoscaling": [],
                "http_load_balancing": [],
                "network_policy_config": [
                  {
                    "disabled": true
                  }
                ]
              }
            ],
            "authenticator_groups_config": [],
            "cluster_autoscaling": [
              {
                "auto_provisioning_defaults": [],
                "enabled": false,
                "resource_limits": []
              }
            ],
            "cluster_ipv4_cidr": "10.68.0.0/14",
            "database_encryption": [
              {
                "key_name": "",
                "state": "DECRYPTED"
              }
            ],
            "datapath_provider": "",
            "default_max_pods_per_node": null,
            "default_snat_status": [
              {
                "disabled": false
              }
            ],
            "description": "Demo GKE Cluster",
            "enable_autopilot": false,
            "enable_binary_authorization": false,
            "enable_intranode_visibility": false,
            "enable_kubernetes_alpha": false,
            "enable_legacy_abac": false,
            "enable_shielded_nodes": false,
            "enable_tpu": false,
            "endpoint": "34.73.86.88",
            "id": "projects/devops-non-prod/locations/us-east1/clusters/demo-cluster",
            "initial_node_count": 1,
            "instance_group_urls": [],
            "ip_allocation_policy": [],
            "label_fingerprint": "a9dc16a7",
            "location": "us-east1",
            "logging_service": "logging.googleapis.com/kubernetes",
            "maintenance_policy": [],
            "master_auth": [
              {
                "client_certificate": "",
                "client_certificate_config": [
                  {
                    "issue_client_certificate": false
                  }
                ],
                "client_key": "",
                "cluster_ca_certificate": "LS0tLS1CRUdJTiBDRVJUSUZJQ0FURS0tLS0tCk1JSUVMRENDQXBTZ0F3SUJBZ0lRRlFYUENISHZhTDhHeDdyWVhaVGlQakFOQmdrcWhraUc5dzBCQVFzRkFEQXYKTVMwd0t3WURWUVFERXlReFkyRTJNVGN3WXkwd09URmxMVFEyTkdVdE9XVXhaQzB5TVRVME1EazVNRGcyWTJZdwpJQmNOTWpFd09USXpNVEV5TlRFd1doZ1BNakExTVRBNU1UWXhNakkxTVRCYU1DOHhMVEFyQmdOVkJBTVRKREZqCllUWXhOekJqTFRBNU1XVXRORFkwWlMwNVpURmtMVEl4TlRRd09Ua3dPRFpqWmpDQ0FhSXdEUVlKS29aSWh2Y04KQVFFQkJRQURnZ0dQQURDQ0FZb0NnZ0dCQUtMeUVVeGp1M25OR3hoNHZNRnFZVHR0TDF6ajE3YXBRVDJTTFlPZwpESS9HS3dQa3cyOVB6RzhUajYvV2FsQktzcUlia1JDNVFNbjNEVnNvYmdTaVpiVnYzV1RuZXNrazhaMTM4WjZ5CllJY1oxSTVJc1k3MjBHTHVTNWlZZ0hlcWlGcUpvZWVyRy9JMXgva2s4T04zSVlCMWo2OFlBODdOV1Y4aHRKZWwKSjY3L0VsT0tueTc1S2g1UjNFVXpsWittdVY3MzFZMmM5R3NGRW5SVG1ZdTgwcmUwZmtXY2E3a3R1V0o4R1BzZgpZMUtsWDRnQm5WZ25rekJrYWZaaTNxVW43c2J1clVVQ0JFOXYwbTkxOVRFQkN4Z2lkUzNQOC9ySzA2cEMvQkpsCk13bDBLTGRSUW5ibCs1TnZiblM4VlpyUGRvQmRUWTRFV1NkSGwweUYraEIraFdzZjFYUTBHcVNXRGs3ckd6SnEKS2Q0MFBabVFycmI0TVFTUnY1Nm40NjVZaVZDUTAvK3IxNkRXWjBuNlpESDBpOGdxM3pMajQ0RkVXYVRkZi9qZwo3RGRtNmszekJ5ZFZGK2l1em1wUGswUmZNNmZGY04rMk91YjJ1Wkx4VlBSR0Z4Z1d1Qi9HcnhRQy9xaEFOUVprCkNlZ3BmTkozTWRjRVljM3Q2Ri9ZSWtQZGlRSURBUUFCbzBJd1FEQU9CZ05WSFE4QkFmOEVCQU1DQWdRd0R3WUQKVlIwVEFRSC9CQVV3QXdFQi96QWRCZ05WSFE0RUZnUVV5Q3JWdUhlK2syMkpOcFFZMWVCL096cmpSVUF3RFFZSgpLb1pJaHZjTkFRRUxCUUFEZ2dHQkFGTC9JL2tTclFvRnVWYVJHWWh0U1FDNU9wbUQ4bUsxdVBmZzVuVXV0Yk9NCnhLc1ZXeDZ6dCtCVmJyTHk4WFR1R3gvcitROGVhd2tmK3FxVXVIbElHQ2xGWHdTMndDSjZJVXFBQUhxaFJKZmIKQXNIN05Xcy8zaGt6ajJLK2dLRGhpUlQyYnIwVkFRZUo4eFRkK2svamZrMTZDZTdYejJNd0hFamVvME1oUU9ONwpWenNSa0xyVFQzdHQ3RW16YlY3UnpRWjRjN3Y3ZmljYkluY3hhRnN3ZnkreW1veDVaeUFNNVlCbG9lQWdaNTZZCk1QcnhRNlJkWERoQUVWbkYrVUpaYWdTazNSeUxEaStCWGI1WTZoS0hpeUtuTG9FaFFUNldmZ3lFY0dCZ1hXNFYKcjg4VnBzVmo4NHFDUVg1OENMY2RFL0ZqRmJoNHFDd3VjRk0vRVoySFVuQXhLdzE2cTM3QnhzVWlEMW9lSm1yQgozM1h0S1RaOGcraHlTRGNzemJNRTBId2w3Q3dnbUx2MDJIaWZxYzZzSGZsaDJBODk2b3lHQUcwR0JtUEt1STg5CmRkN2FoOU5PQVJWU29LNTNFUUhwS1QwWGYyQWRkMlF2d012ZklwVk52dGpmQnVleWNOYndIbFY3Z241TEttS2MKNUdiWHl6Z0VMN2JMYmVxdHlNU1B3Zz09Ci0tLS0tRU5EIENFUlRJRklDQVRFLS0tLS0K",
                "password": "",
                "username": ""
              }
            ],
            "master_authorized_networks_config": [],
            "master_version": "1.20.9-gke.1001",
            "min_master_version": null,
            "monitoring_service": "monitoring.googleapis.com/kubernetes",
            "name": "demo-cluster",
            "network": "projects/devops-non-prod/global/networks/default",
            "network_policy": [
              {
                "enabled": false,
                "provider": "PROVIDER_UNSPECIFIED"
              }
            ],
            "networking_mode": "ROUTES",
            "node_config": [],
            "node_locations": [
              "us-east1-b",
              "us-east1-c",
              "us-east1-d"
            ],
            "node_pool": [],
            "node_version": "1.20.9-gke.1001",
            "operation": null,
            "pod_security_policy_config": [],
            "private_cluster_config": [],
            "private_ipv6_google_access": "",
            "project": "devops-non-prod",
            "release_channel": [
              {
                "channel": "REGULAR"
              }
            ],
            "remove_default_node_pool": true,
            "resource_labels": null,
            "resource_usage_export_config": [],
            "self_link": "https://container.googleapis.com/v1beta1/projects/devops-non-prod/locations/us-east1/clusters/demo-cluster",
            "services_ipv4_cidr": "10.71.240.0/20",
            "subnetwork": "projects/devops-non-prod/regions/us-east1/subnetworks/default",
            "timeouts": null,
            "tpu_ipv4_cidr_block": "",
            "vertical_pod_autoscaling": [],
            "workload_identity_config": []
          },
          "sensitive_attributes": [],
          "private": "eyJlMmJmYjczMC1lY2FhLTExZTYtOGY4OC0zNDM2M2JjN2M0YzAiOnsiY3JlYXRlIjoyNDAwMDAwMDAwMDAwLCJkZWxldGUiOjI0MDAwMDAwMDAwMDAsInJlYWQiOjI0MDAwMDAwMDAwMDAsInVwZGF0ZSI6MzYwMDAwMDAwMDAwMH0sInNjaGVtYV92ZXJzaW9uIjoiMSJ9"
        }
      ]
    },
    {
      "mode": "managed",
      "type": "google_container_node_pool",
      "name": "default",
      "provider": "provider[\"registry.terraform.io/hashicorp/google\"]",
      "instances": [
        {
          "schema_version": 1,
          "attributes": {
            "autoscaling": [],
            "cluster": "demo-cluster",
            "id": "projects/devops-non-prod/locations/us-east1/clusters/demo-cluster/nodePools/demo-cluster-node-pool",
            "initial_node_count": 1,
            "instance_group_urls": [
              "https://www.googleapis.com/compute/v1/projects/devops-non-prod/zones/us-east1-b/instanceGroupManagers/gke-demo-cluster-demo-cluster-node-po-bad9e897-grp",
              "https://www.googleapis.com/compute/v1/projects/devops-non-prod/zones/us-east1-d/instanceGroupManagers/gke-demo-cluster-demo-cluster-node-po-f03eff01-grp",
              "https://www.googleapis.com/compute/v1/projects/devops-non-prod/zones/us-east1-c/instanceGroupManagers/gke-demo-cluster-demo-cluster-node-po-3822c750-grp"
            ],
            "location": "us-east1",
            "management": [
              {
                "auto_repair": true,
                "auto_upgrade": true
              }
            ],
            "max_pods_per_node": null,
            "name": "demo-cluster-node-pool",
            "name_prefix": "",
            "node_config": [
              {
                "disk_size_gb": 100,
                "disk_type": "pd-standard",
                "guest_accelerator": [],
                "image_type": "COS_CONTAINERD",
                "labels": {},
                "local_ssd_count": 0,
                "machine_type": "n1-standard-1",
                "metadata": {
                  "disable-legacy-endpoints": "true"
                },
                "min_cpu_platform": "",
                "oauth_scopes": [
                  "https://www.googleapis.com/auth/logging.write",
                  "https://www.googleapis.com/auth/monitoring"
                ],
                "preemptible": true,
                "service_account": "default",
                "shielded_instance_config": [
                  {
                    "enable_integrity_monitoring": true,
                    "enable_secure_boot": false
                  }
                ],
                "tags": null,
                "taint": [],
                "workload_metadata_config": []
              }
            ],
            "node_count": 1,
            "node_locations": [
              "us-east1-b",
              "us-east1-c",
              "us-east1-d"
            ],
            "operation": null,
            "project": "devops-non-prod",
            "timeouts": null,
            "upgrade_settings": [
              {
                "max_surge": 1,
                "max_unavailable": 0
              }
            ],
            "version": "1.20.9-gke.1001"
          },
          "sensitive_attributes": [],
          "private": "eyJlMmJmYjczMC1lY2FhLTExZTYtOGY4OC0zNDM2M2JjN2M0YzAiOnsiY3JlYXRlIjoxODAwMDAwMDAwMDAwLCJkZWxldGUiOjE4MDAwMDAwMDAwMDAsInVwZGF0ZSI6MTgwMDAwMDAwMDAwMH0sInNjaGVtYV92ZXJzaW9uIjoiMSJ9",
          "dependencies": [
            "google_container_cluster.test"
          ]
        }
      ]
    }
  ]
}
